
Microsoft Visual Studio Solution File, Format Version 12.00
# Visual Studio Version 16
VisualStudioVersion = 16.0.34301.259
MinimumVisualStudioVersion = 10.0.40219.1
Project("{FAE04EC0-301F-11D3-BF4B-00C04F79EFBC}") = "PracticeAjax", "IntroAjax\PracticeAjax.csproj", "{95FD7AAE-6B7B-4E1F-AA37-DC3B039FEE93}"
EndProject
Global
	GlobalSection(SolutionConfigurationPlatforms) = preSolution
		Debug|Any CPU = Debug|Any CPU
		Release|Any CPU = Release|Any CPU
	EndGlobalSection
	GlobalSection(ProjectConfigurationPlatforms) = postSolution
		{95FD7AAE-6B7B-4E1F-AA37-DC3B039FEE93}.Debug|Any CPU.ActiveCfg = Debug|Any CPU
		{95FD7AAE-6B7B-4E1F-AA37-DC3B039FEE93}.Debug|Any CPU.Build.0 = Debug|Any CPU
		{95FD7AAE-6B7B-4E1F-AA37-DC3B039FEE93}.Release|Any CPU.ActiveCfg = Release|Any CPU
		{95FD7AAE-6B7B-4E1F-AA37-DC3B039FEE93}.Release|Any CPU.Build.0 = Release|Any CPU
	EndGlobalSection
	GlobalSection(SolutionProperties) = preSolution
		HideSolutionNode = FALSE
	EndGlobalSection
	GlobalSection(ExtensibilityGlobals) = postSolution
		SolutionGuid = {E64C869E-0491-40BA-8314-A003DCE59E73}
	EndGlobalSection
EndGlobal
